
Microsoft Visual Studio Solution File, Format Version 12.00
# Visual Studio Version 17
VisualStudioVersion = 17.4.33205.214
MinimumVisualStudioVersion = 10.0.40219.1
Project("{FAE04EC0-301F-11D3-BF4B-00C04F79EFBC}") = "Horoskoop.Android", "Horoskoop.Android\Horoskoop.Android.csproj", "{B9CCD48E-AE2A-419E-A203-953583C914A3}"
EndProject
Project("{FAE04EC0-301F-11D3-BF4B-00C04F79EFBC}") = "Horoskoop.iOS", "Horoskoop.iOS\Horoskoop.iOS.csproj", "{74D7A9CD-B2B6-4992-9359-D9B4779B8E25}"
EndProject
Project("{FAE04EC0-301F-11D3-BF4B-00C04F79EFBC}") = "Horoskoop", "Horoskoop\Horoskoop.csproj", "{8C46E7B2-7D05-44B4-B31E-EF19ED89A9B2}"
EndProject
Global
	GlobalSection(SolutionConfigurationPlatforms) = preSolution
		Debug|Any CPU = Debug|Any CPU
		Debug|iPhone = Debug|iPhone
		Debug|iPhoneSimulator = Debug|iPhoneSimulator
		Release|Any CPU = Release|Any CPU
		Release|iPhone = Release|iPhone
		Release|iPhoneSimulator = Release|iPhoneSimulator
	EndGlobalSection
	GlobalSection(ProjectConfigurationPlatforms) = postSolution
		{B9CCD48E-AE2A-419E-A203-953583C914A3}.Debug|Any CPU.ActiveCfg = Debug|Any CPU
		{B9CCD48E-AE2A-419E-A203-953583C914A3}.Debug|Any CPU.Build.0 = Debug|Any CPU
		{B9CCD48E-AE2A-419E-A203-953583C914A3}.Debug|Any CPU.Deploy.0 = Debug|Any CPU
		{B9CCD48E-AE2A-419E-A203-953583C914A3}.Debug|iPhone.ActiveCfg = Debug|Any CPU
		{B9CCD48E-AE2A-419E-A203-953583C914A3}.Debug|iPhone.Build.0 = Debug|Any CPU
		{B9CCD48E-AE2A-419E-A203-953583C914A3}.Debug|iPhone.Deploy.0 = Debug|Any CPU
		{B9CCD48E-AE2A-419E-A203-953583C914A3}.Debug|iPhoneSimulator.ActiveCfg = Debug|Any CPU
		{B9CCD48E-AE2A-419E-A203-953583C914A3}.Debug|iPhoneSimulator.Build.0 = Debug|Any CPU
		{B9CCD48E-AE2A-419E-A203-953583C914A3}.Debug|iPhoneSimulator.Deploy.0 = Debug|Any CPU
		{B9CCD48E-AE2A-419E-A203-953583C914A3}.Release|Any CPU.ActiveCfg = Release|Any CPU
		{B9CCD48E-AE2A-419E-A203-953583C914A3}.Release|Any CPU.Build.0 = Release|Any CPU
		{B9CCD48E-AE2A-419E-A203-953583C914A3}.Release|Any CPU.Deploy.0 = Release|Any CPU
		{B9CCD48E-AE2A-419E-A203-953583C914A3}.Release|iPhone.ActiveCfg = Release|Any CPU
		{B9CCD48E-AE2A-419E-A203-953583C914A3}.Release|iPhone.Build.0 = Release|Any CPU
		{B9CCD48E-AE2A-419E-A203-953583C914A3}.Release|iPhone.Deploy.0 = Release|Any CPU
		{B9CCD48E-AE2A-419E-A203-953583C914A3}.Release|iPhoneSimulator.ActiveCfg = Release|Any CPU
		{B9CCD48E-AE2A-419E-A203-953583C914A3}.Release|iPhoneSimulator.Build.0 = Release|Any CPU
		{B9CCD48E-AE2A-419E-A203-953583C914A3}.Release|iPhoneSimulator.Deploy.0 = Release|Any CPU
		{74D7A9CD-B2B6-4992-9359-D9B4779B8E25}.Debug|Any CPU.ActiveCfg = Debug|iPhone
		{74D7A9CD-B2B6-4992-9359-D9B4779B8E25}.Debug|Any CPU.Build.0 = Debug|iPhone
		{74D7A9CD-B2B6-4992-9359-D9B4779B8E25}.Debug|Any CPU.Deploy.0 = Debug|iPhone
		{74D7A9CD-B2B6-4992-9359-D9B4779B8E25}.Debug|iPhone.ActiveCfg = Debug|iPhone
		{74D7A9CD-B2B6-4992-9359-D9B4779B8E25}.Debug|iPhone.Build.0 = Debug|iPhone
		{74D7A9CD-B2B6-4992-9359-D9B4779B8E25}.Debug|iPhone.Deploy.0 = Debug|iPhone
		{74D7A9CD-B2B6-4992-9359-D9B4779B8E25}.Debug|iPhoneSimulator.ActiveCfg = Debug|iPhoneSimulator
		{74D7A9CD-B2B6-4992-9359-D9B4779B8E25}.Debug|iPhoneSimulator.Build.0 = Debug|iPhoneSimulator
		{74D7A9CD-B2B6-4992-9359-D9B4779B8E25}.Debug|iPhoneSimulator.Deploy.0 = Debug|iPhoneSimulator
		{74D7A9CD-B2B6-4992-9359-D9B4779B8E25}.Release|Any CPU.ActiveCfg = Release|iPhoneSimulator
		{74D7A9CD-B2B6-4992-9359-D9B4779B8E25}.Release|Any CPU.Build.0 = Release|iPhoneSimulator
		{74D7A9CD-B2B6-4992-9359-D9B4779B8E25}.Release|Any CPU.Deploy.0 = Release|iPhoneSimulator
		{74D7A9CD-B2B6-4992-9359-D9B4779B8E25}.Release|iPhone.ActiveCfg = Release|iPhone
		{74D7A9CD-B2B6-4992-9359-D9B4779B8E25}.Release|iPhone.Build.0 = Release|iPhone
		{74D7A9CD-B2B6-4992-9359-D9B4779B8E25}.Release|iPhone.Deploy.0 = Release|iPhone
		{74D7A9CD-B2B6-4992-9359-D9B4779B8E25}.Release|iPhoneSimulator.ActiveCfg = Release|iPhoneSimulator
		{74D7A9CD-B2B6-4992-9359-D9B4779B8E25}.Release|iPhoneSimulator.Build.0 = Release|iPhoneSimulator
		{74D7A9CD-B2B6-4992-9359-D9B4779B8E25}.Release|iPhoneSimulator.Deploy.0 = Release|iPhoneSimulator
		{8C46E7B2-7D05-44B4-B31E-EF19ED89A9B2}.Debug|Any CPU.ActiveCfg = Debug|Any CPU
		{8C46E7B2-7D05-44B4-B31E-EF19ED89A9B2}.Debug|Any CPU.Build.0 = Debug|Any CPU
		{8C46E7B2-7D05-44B4-B31E-EF19ED89A9B2}.Debug|Any CPU.Deploy.0 = Debug|Any CPU
		{8C46E7B2-7D05-44B4-B31E-EF19ED89A9B2}.Debug|iPhone.ActiveCfg = Debug|Any CPU
		{8C46E7B2-7D05-44B4-B31E-EF19ED89A9B2}.Debug|iPhone.Build.0 = Debug|Any CPU
		{8C46E7B2-7D05-44B4-B31E-EF19ED89A9B2}.Debug|iPhone.Deploy.0 = Debug|Any CPU
		{8C46E7B2-7D05-44B4-B31E-EF19ED89A9B2}.Debug|iPhoneSimulator.ActiveCfg = Debug|Any CPU
		{8C46E7B2-7D05-44B4-B31E-EF19ED89A9B2}.Debug|iPhoneSimulator.Build.0 = Debug|Any CPU
		{8C46E7B2-7D05-44B4-B31E-EF19ED89A9B2}.Debug|iPhoneSimulator.Deploy.0 = Debug|Any CPU
		{8C46E7B2-7D05-44B4-B31E-EF19ED89A9B2}.Release|Any CPU.ActiveCfg = Release|Any CPU
		{8C46E7B2-7D05-44B4-B31E-EF19ED89A9B2}.Release|Any CPU.Build.0 = Release|Any CPU
		{8C46E7B2-7D05-44B4-B31E-EF19ED89A9B2}.Release|Any CPU.Deploy.0 = Release|Any CPU
		{8C46E7B2-7D05-44B4-B31E-EF19ED89A9B2}.Release|iPhone.ActiveCfg = Release|Any CPU
		{8C46E7B2-7D05-44B4-B31E-EF19ED89A9B2}.Release|iPhone.Build.0 = Release|Any CPU
		{8C46E7B2-7D05-44B4-B31E-EF19ED89A9B2}.Release|iPhone.Deploy.0 = Release|Any CPU
		{8C46E7B2-7D05-44B4-B31E-EF19ED89A9B2}.Release|iPhoneSimulator.ActiveCfg = Release|Any CPU
		{8C46E7B2-7D05-44B4-B31E-EF19ED89A9B2}.Release|iPhoneSimulator.Build.0 = Release|Any CPU
		{8C46E7B2-7D05-44B4-B31E-EF19ED89A9B2}.Release|iPhoneSimulator.Deploy.0 = Release|Any CPU
	EndGlobalSection
	GlobalSection(SolutionProperties) = preSolution
		HideSolutionNode = FALSE
	EndGlobalSection
	GlobalSection(ExtensibilityGlobals) = postSolution
		SolutionGuid = {E04A47D2-7E48-401E-88E5-21DE0CD93D3C}
	EndGlobalSection
EndGlobal
